
Microsoft Visual Studio Solution File, Format Version 12.00
# Visual Studio Version 17
VisualStudioVersion = 17.0.31903.59
MinimumVisualStudioVersion = 10.0.40219.1
Project("{FAE04EC0-301F-11D3-BF4B-00C04F79EFBC}") = "SmoothOperator", "SmoothOperator\SmoothOperator.csproj", "{58C03685-9792-4A52-9D6E-6C00D598D737}"
EndProject
Project("{FAE04EC0-301F-11D3-BF4B-00C04F79EFBC}") = "Cilindro", "Cilindro\Cilindro.csproj", "{48EF9CDA-D3CD-4E94-BC2B-66B657FB6E00}"
EndProject
Project("{FAE04EC0-301F-11D3-BF4B-00C04F79EFBC}") = "ValoresEspeciais", "ValoresEspeciais\ValoresEspeciais.csproj", "{B0F48B07-9403-4555-A32A-D9023E8C8C05}"
EndProject
Project("{FAE04EC0-301F-11D3-BF4B-00C04F79EFBC}") = "ChatGPTZero", "ChatGPTZero\ChatGPTZero.csproj", "{1268CF08-D6CB-425A-BA7F-771F9E100190}"
EndProject
Project("{FAE04EC0-301F-11D3-BF4B-00C04F79EFBC}") = "BreakContinue", "BreakContinue\BreakContinue.csproj", "{C0B94A0F-1050-4FD6-BD2C-A79221D92598}"
EndProject
Project("{FAE04EC0-301F-11D3-BF4B-00C04F79EFBC}") = "ChatGPTOne", "ChatGPTOne\ChatGPTOne.csproj", "{E8188E33-8EEC-4FC8-8347-EAD82DAB93F7}"
EndProject
Project("{FAE04EC0-301F-11D3-BF4B-00C04F79EFBC}") = "MasterAndPlayer", "MasterAndPlayer\MasterAndPlayer.csproj", "{620CFDCF-977E-41DE-A3C2-E6B701FC7579}"
EndProject
Global
	GlobalSection(SolutionConfigurationPlatforms) = preSolution
		Debug|Any CPU = Debug|Any CPU
		Release|Any CPU = Release|Any CPU
	EndGlobalSection
	GlobalSection(SolutionProperties) = preSolution
		HideSolutionNode = FALSE
	EndGlobalSection
	GlobalSection(ProjectConfigurationPlatforms) = postSolution
		{58C03685-9792-4A52-9D6E-6C00D598D737}.Debug|Any CPU.ActiveCfg = Debug|Any CPU
		{58C03685-9792-4A52-9D6E-6C00D598D737}.Debug|Any CPU.Build.0 = Debug|Any CPU
		{58C03685-9792-4A52-9D6E-6C00D598D737}.Release|Any CPU.ActiveCfg = Release|Any CPU
		{58C03685-9792-4A52-9D6E-6C00D598D737}.Release|Any CPU.Build.0 = Release|Any CPU
		{48EF9CDA-D3CD-4E94-BC2B-66B657FB6E00}.Debug|Any CPU.ActiveCfg = Debug|Any CPU
		{48EF9CDA-D3CD-4E94-BC2B-66B657FB6E00}.Debug|Any CPU.Build.0 = Debug|Any CPU
		{48EF9CDA-D3CD-4E94-BC2B-66B657FB6E00}.Release|Any CPU.ActiveCfg = Release|Any CPU
		{48EF9CDA-D3CD-4E94-BC2B-66B657FB6E00}.Release|Any CPU.Build.0 = Release|Any CPU
		{B0F48B07-9403-4555-A32A-D9023E8C8C05}.Debug|Any CPU.ActiveCfg = Debug|Any CPU
		{B0F48B07-9403-4555-A32A-D9023E8C8C05}.Debug|Any CPU.Build.0 = Debug|Any CPU
		{B0F48B07-9403-4555-A32A-D9023E8C8C05}.Release|Any CPU.ActiveCfg = Release|Any CPU
		{B0F48B07-9403-4555-A32A-D9023E8C8C05}.Release|Any CPU.Build.0 = Release|Any CPU
		{1268CF08-D6CB-425A-BA7F-771F9E100190}.Debug|Any CPU.ActiveCfg = Debug|Any CPU
		{1268CF08-D6CB-425A-BA7F-771F9E100190}.Debug|Any CPU.Build.0 = Debug|Any CPU
		{1268CF08-D6CB-425A-BA7F-771F9E100190}.Release|Any CPU.ActiveCfg = Release|Any CPU
		{1268CF08-D6CB-425A-BA7F-771F9E100190}.Release|Any CPU.Build.0 = Release|Any CPU
		{C0B94A0F-1050-4FD6-BD2C-A79221D92598}.Debug|Any CPU.ActiveCfg = Debug|Any CPU
		{C0B94A0F-1050-4FD6-BD2C-A79221D92598}.Debug|Any CPU.Build.0 = Debug|Any CPU
		{C0B94A0F-1050-4FD6-BD2C-A79221D92598}.Release|Any CPU.ActiveCfg = Release|Any CPU
		{C0B94A0F-1050-4FD6-BD2C-A79221D92598}.Release|Any CPU.Build.0 = Release|Any CPU
		{E8188E33-8EEC-4FC8-8347-EAD82DAB93F7}.Debug|Any CPU.ActiveCfg = Debug|Any CPU
		{E8188E33-8EEC-4FC8-8347-EAD82DAB93F7}.Debug|Any CPU.Build.0 = Debug|Any CPU
		{E8188E33-8EEC-4FC8-8347-EAD82DAB93F7}.Release|Any CPU.ActiveCfg = Release|Any CPU
		{E8188E33-8EEC-4FC8-8347-EAD82DAB93F7}.Release|Any CPU.Build.0 = Release|Any CPU
		{620CFDCF-977E-41DE-A3C2-E6B701FC7579}.Debug|Any CPU.ActiveCfg = Debug|Any CPU
		{620CFDCF-977E-41DE-A3C2-E6B701FC7579}.Debug|Any CPU.Build.0 = Debug|Any CPU
		{620CFDCF-977E-41DE-A3C2-E6B701FC7579}.Release|Any CPU.ActiveCfg = Release|Any CPU
		{620CFDCF-977E-41DE-A3C2-E6B701FC7579}.Release|Any CPU.Build.0 = Release|Any CPU
	EndGlobalSection
EndGlobal
